
Microsoft Visual Studio Solution File, Format Version 12.00
# Visual Studio 14
VisualStudioVersion = 14.0.24720.0
MinimumVisualStudioVersion = 10.0.40219.1
Project("{FAE04EC0-301F-11D3-BF4B-00C04F79EFBC}") = "read more", "read more\read more.csproj", "{CABF038C-1929-4B01-907C-AE16D27E662C}"
EndProject
Project("{FAE04EC0-301F-11D3-BF4B-00C04F79EFBC}") = "idk this stupid hting", "idk this stupid hting\idk this stupid hting.csproj", "{20BD4964-5A7C-4C73-8F68-B2398D5F0EB0}"
EndProject
Global
	GlobalSection(SolutionConfigurationPlatforms) = preSolution
		Debug|Any CPU = Debug|Any CPU
		Release|Any CPU = Release|Any CPU
	EndGlobalSection
	GlobalSection(ProjectConfigurationPlatforms) = postSolution
		{CABF038C-1929-4B01-907C-AE16D27E662C}.Debug|Any CPU.ActiveCfg = Debug|Any CPU
		{CABF038C-1929-4B01-907C-AE16D27E662C}.Debug|Any CPU.Build.0 = Debug|Any CPU
		{CABF038C-1929-4B01-907C-AE16D27E662C}.Release|Any CPU.ActiveCfg = Release|Any CPU
		{CABF038C-1929-4B01-907C-AE16D27E662C}.Release|Any CPU.Build.0 = Release|Any CPU
		{20BD4964-5A7C-4C73-8F68-B2398D5F0EB0}.Debug|Any CPU.ActiveCfg = Debug|Any CPU
		{20BD4964-5A7C-4C73-8F68-B2398D5F0EB0}.Debug|Any CPU.Build.0 = Debug|Any CPU
		{20BD4964-5A7C-4C73-8F68-B2398D5F0EB0}.Release|Any CPU.ActiveCfg = Release|Any CPU
		{20BD4964-5A7C-4C73-8F68-B2398D5F0EB0}.Release|Any CPU.Build.0 = Release|Any CPU
	EndGlobalSection
	GlobalSection(SolutionProperties) = preSolution
		HideSolutionNode = FALSE
	EndGlobalSection
EndGlobal
