
Microsoft Visual Studio Solution File, Format Version 12.00
# Visual Studio 14
VisualStudioVersion = 14.0.24720.0
MinimumVisualStudioVersion = 10.0.40219.1
Project("{FAE04EC0-301F-11D3-BF4B-00C04F79EFBC}") = "simple sorting", "simple sorting\simple sorting.csproj", "{CBC727F2-5D8D-41BD-B620-1F4EA23A3CE0}"
EndProject
Global
	GlobalSection(SolutionConfigurationPlatforms) = preSolution
		Debug|Any CPU = Debug|Any CPU
		Release|Any CPU = Release|Any CPU
	EndGlobalSection
	GlobalSection(ProjectConfigurationPlatforms) = postSolution
		{CBC727F2-5D8D-41BD-B620-1F4EA23A3CE0}.Debug|Any CPU.ActiveCfg = Debug|Any CPU
		{CBC727F2-5D8D-41BD-B620-1F4EA23A3CE0}.Debug|Any CPU.Build.0 = Debug|Any CPU
		{CBC727F2-5D8D-41BD-B620-1F4EA23A3CE0}.Release|Any CPU.ActiveCfg = Release|Any CPU
		{CBC727F2-5D8D-41BD-B620-1F4EA23A3CE0}.Release|Any CPU.Build.0 = Release|Any CPU
	EndGlobalSection
	GlobalSection(SolutionProperties) = preSolution
		HideSolutionNode = FALSE
	EndGlobalSection
EndGlobal
